
Microsoft Visual Studio Solution File, Format Version 12.00
# Visual Studio Version 16
VisualStudioVersion = 16.0.29411.108
MinimumVisualStudioVersion = 10.0.40219.1
Project("{FAE04EC0-301F-11D3-BF4B-00C04F79EFBC}") = "sh.Nodes.Web", "sh.Nodes.Web\sh.Nodes.Web.csproj", "{61250849-6155-4A12-8DAF-89AA5909C922}"
EndProject
Project("{FAE04EC0-301F-11D3-BF4B-00C04F79EFBC}") = "sh.Nodes", "sh.Nodes\sh.Nodes.csproj", "{FAA02693-1311-4627-ADD9-A32489650557}"
EndProject
Global
	GlobalSection(SolutionConfigurationPlatforms) = preSolution
		Debug|Any CPU = Debug|Any CPU
		Release|Any CPU = Release|Any CPU
	EndGlobalSection
	GlobalSection(ProjectConfigurationPlatforms) = postSolution
		{61250849-6155-4A12-8DAF-89AA5909C922}.Debug|Any CPU.ActiveCfg = Debug|Any CPU
		{61250849-6155-4A12-8DAF-89AA5909C922}.Debug|Any CPU.Build.0 = Debug|Any CPU
		{61250849-6155-4A12-8DAF-89AA5909C922}.Release|Any CPU.ActiveCfg = Release|Any CPU
		{61250849-6155-4A12-8DAF-89AA5909C922}.Release|Any CPU.Build.0 = Release|Any CPU
		{FAA02693-1311-4627-ADD9-A32489650557}.Debug|Any CPU.ActiveCfg = Debug|Any CPU
		{FAA02693-1311-4627-ADD9-A32489650557}.Debug|Any CPU.Build.0 = Debug|Any CPU
		{FAA02693-1311-4627-ADD9-A32489650557}.Release|Any CPU.ActiveCfg = Release|Any CPU
		{FAA02693-1311-4627-ADD9-A32489650557}.Release|Any CPU.Build.0 = Release|Any CPU
	EndGlobalSection
	GlobalSection(SolutionProperties) = preSolution
		HideSolutionNode = FALSE
	EndGlobalSection
	GlobalSection(ExtensibilityGlobals) = postSolution
		SolutionGuid = {B4121A75-2ADE-46B1-8B8B-3006F8C2ABFC}
	EndGlobalSection
EndGlobal
